
Microsoft Visual Studio Solution File, Format Version 12.00
# Visual Studio Version 16
VisualStudioVersion = 16.0.30309.148
MinimumVisualStudioVersion = 10.0.40219.1
Project("{8BC9CEB8-8B4A-11D0-8D11-00A0C91BC942}") = "StarterProject2019", "StarterProject2019.vcxproj", "{DB4CC71A-B5F3-45A8-BF13-6CB94CFA0406}"
EndProject
Global
	GlobalSection(SolutionConfigurationPlatforms) = preSolution
		Debug|x64 = Debug|x64
		Debug|x86 = Debug|x86
		Release|x64 = Release|x64
		Release|x86 = Release|x86
	EndGlobalSection
	GlobalSection(ProjectConfigurationPlatforms) = postSolution
		{DB4CC71A-B5F3-45A8-BF13-6CB94CFA0406}.Debug|x64.ActiveCfg = Debug|x64
		{DB4CC71A-B5F3-45A8-BF13-6CB94CFA0406}.Debug|x64.Build.0 = Debug|x64
		{DB4CC71A-B5F3-45A8-BF13-6CB94CFA0406}.Debug|x86.ActiveCfg = Debug|Win32
		{DB4CC71A-B5F3-45A8-BF13-6CB94CFA0406}.Debug|x86.Build.0 = Debug|Win32
		{DB4CC71A-B5F3-45A8-BF13-6CB94CFA0406}.Release|x64.ActiveCfg = Release|x64
		{DB4CC71A-B5F3-45A8-BF13-6CB94CFA0406}.Release|x64.Build.0 = Release|x64
		{DB4CC71A-B5F3-45A8-BF13-6CB94CFA0406}.Release|x86.ActiveCfg = Release|Win32
		{DB4CC71A-B5F3-45A8-BF13-6CB94CFA0406}.Release|x86.Build.0 = Release|Win32
	EndGlobalSection
	GlobalSection(SolutionProperties) = preSolution
		HideSolutionNode = FALSE
	EndGlobalSection
	GlobalSection(ExtensibilityGlobals) = postSolution
		SolutionGuid = {EA7956FE-77F0-40A8-BA5E-D52DDA81CA58}
	EndGlobalSection
EndGlobal
